// !$*UTF8*$!
{
	archiveVersion = 1;
	classes = {
	};
	objectVersion = 56;
	objects = {

/* Begin PBXBuildFile section */
		1932578B2C655C4200B38E26 /* AppDelegate.swift in Sources */ = {isa = PBXBuildFile; fileRef = 1932578A2C655C4200B38E26 /* AppDelegate.swift */; };
		1932578D2C655C4200B38E26 /* SceneDelegate.swift in Sources */ = {isa = PBXBuildFile; fileRef = 1932578C2C655C4200B38E26 /* SceneDelegate.swift */; };
		1932578F2C655C4200B38E26 /* ViewController.swift in Sources */ = {isa = PBXBuildFile; fileRef = 1932578E2C655C4200B38E26 /* ViewController.swift */; };
		193257922C655C4200B38E26 /* Base in Resources */ = {isa = PBXBuildFile; fileRef = 193257912C655C4200B38E26 /* Base */; };
		193257952C655C4200B38E26 /* PetsApp.xcdatamodeld in Sources */ = {isa = PBXBuildFile; fileRef = 193257932C655C4200B38E26 /* PetsApp.xcdatamodeld */; };
		193257972C655C4200B38E26 /* Assets.xcassets in Resources */ = {isa = PBXBuildFile; fileRef = 193257962C655C4200B38E26 /* Assets.xcassets */; };
		1932579A2C655C4200B38E26 /* Base in Resources */ = {isa = PBXBuildFile; fileRef = 193257992C655C4200B38E26 /* Base */; };
		193257A52C655C4300B38E26 /* PetsAppTests.swift in Sources */ = {isa = PBXBuildFile; fileRef = 193257A42C655C4300B38E26 /* PetsAppTests.swift */; };
		193257AF2C655C4300B38E26 /* PetsAppUITests.swift in Sources */ = {isa = PBXBuildFile; fileRef = 193257AE2C655C4300B38E26 /* PetsAppUITests.swift */; };
		193257B12C655C4300B38E26 /* PetsAppUITestsLaunchTests.swift in Sources */ = {isa = PBXBuildFile; fileRef = 193257B02C655C4300B38E26 /* PetsAppUITestsLaunchTests.swift */; };
/* End PBXBuildFile section */

/* Begin PBXContainerItemProxy section */
		193257A12C655C4300B38E26 /* PBXContainerItemProxy */ = {
			isa = PBXContainerItemProxy;
			containerPortal = 1932577F2C655C4200B38E26 /* Project object */;
			proxyType = 1;
			remoteGlobalIDString = 193257862C655C4200B38E26;
			remoteInfo = PetsApp;
		};
		193257AB2C655C4300B38E26 /* PBXContainerItemProxy */ = {
			isa = PBXContainerItemProxy;
			containerPortal = 1932577F2C655C4200B38E26 /* Project object */;
			proxyType = 1;
			remoteGlobalIDString = 193257862C655C4200B38E26;
			remoteInfo = PetsApp;
		};
/* End PBXContainerItemProxy section */

/* Begin PBXFileReference section */
		193257872C655C4200B38E26 /* PetsApp.app */ = {isa = PBXFileReference; explicitFileType = wrapper.application; includeInIndex = 0; path = PetsApp.app; sourceTree = BUILT_PRODUCTS_DIR; };
		1932578A2C655C4200B38E26 /* AppDelegate.swift */ = {isa = PBXFileReference; lastKnownFileType = sourcecode.swift; path = AppDelegate.swift; sourceTree = "<group>"; };
		1932578C2C655C4200B38E26 /* SceneDelegate.swift */ = {isa = PBXFileReference; lastKnownFileType = sourcecode.swift; path = SceneDelegate.swift; sourceTree = "<group>"; };
		1932578E2C655C4200B38E26 /* ViewController.swift */ = {isa = PBXFileReference; lastKnownFileType = sourcecode.swift; path = ViewController.swift; sourceTree = "<group>"; };
		193257912C655C4200B38E26 /* Base */ = {isa = PBXFileReference; lastKnownFileType = file.storyboard; name = Base; path = Base.lproj/Main.storyboard; sourceTree = "<group>"; };
		193257942C655C4200B38E26 /* PetsApp.xcdatamodel */ = {isa = PBXFileReference; lastKnownFileType = wrapper.xcdatamodel; path = PetsApp.xcdatamodel; sourceTree = "<group>"; };
		193257962C655C4200B38E26 /* Assets.xcassets */ = {isa = PBXFileReference; lastKnownFileType = folder.assetcatalog; path = Assets.xcassets; sourceTree = "<group>"; };
		193257992C655C4200B38E26 /* Base */ = {isa = PBXFileReference; lastKnownFileType = file.storyboard; name = Base; path = Base.lproj/LaunchScreen.storyboard; sourceTree = "<group>"; };
		1932579B2C655C4200B38E26 /* Info.plist */ = {isa = PBXFileReference; lastKnownFileType = text.plist.xml; path = Info.plist; sourceTree = "<group>"; };
		193257A02C655C4300B38E26 /* PetsAppTests.xctest */ = {isa = PBXFileReference; explicitFileType = wrapper.cfbundle; includeInIndex = 0; path = PetsAppTests.xctest; sourceTree = BUILT_PRODUCTS_DIR; };
		193257A42C655C4300B38E26 /* PetsAppTests.swift */ = {isa = PBXFileReference; lastKnownFileType = sourcecode.swift; path = PetsAppTests.swift; sourceTree = "<group>"; };
		193257AA2C655C4300B38E26 /* PetsAppUITests.xctest */ = {isa = PBXFileReference; explicitFileType = wrapper.cfbundle; includeInIndex = 0; path = PetsAppUITests.xctest; sourceTree = BUILT_PRODUCTS_DIR; };
		193257AE2C655C4300B38E26 /* PetsAppUITests.swift */ = {isa = PBXFileReference; lastKnownFileType = sourcecode.swift; path = PetsAppUITests.swift; sourceTree = "<group>"; };
		193257B02C655C4300B38E26 /* PetsAppUITestsLaunchTests.swift */ = {isa = PBXFileReference; lastKnownFileType = sourcecode.swift; path = PetsAppUITestsLaunchTests.swift; sourceTree = "<group>"; };
/* End PBXFileReference section */

/* Begin PBXFrameworksBuildPhase section */
		193257842C655C4200B38E26 /* Frameworks */ = {
			isa = PBXFrameworksBuildPhase;
			buildActionMask = 2147483647;
			files = (
			);
			runOnlyForDeploymentPostprocessing = 0;
		};
		1932579D2C655C4300B38E26 /* Frameworks */ = {
			isa = PBXFrameworksBuildPhase;
			buildActionMask = 2147483647;
			files = (
			);
			runOnlyForDeploymentPostprocessing = 0;
		};
		193257A72C655C4300B38E26 /* Frameworks */ = {
			isa = PBXFrameworksBuildPhase;
			buildActionMask = 2147483647;
			files = (
			);
			runOnlyForDeploymentPostprocessing = 0;
		};
/* End PBXFrameworksBuildPhase section */

/* Begin PBXGroup section */
		1932577E2C655C4200B38E26 = {
			isa = PBXGroup;
			children = (
				193257892C655C4200B38E26 /* PetsApp */,
				193257A32C655C4300B38E26 /* PetsAppTests */,
				193257AD2C655C4300B38E26 /* PetsAppUITests */,
				193257882C655C4200B38E26 /* Products */,
			);
			sourceTree = "<group>";
		};
		193257882C655C4200B38E26 /* Products */ = {
			isa = PBXGroup;
			children = (
				193257872C655C4200B38E26 /* PetsApp.app */,
				193257A02C655C4300B38E26 /* PetsAppTests.xctest */,
				193257AA2C655C4300B38E26 /* PetsAppUITests.xctest */,
			);
			name = Products;
			sourceTree = "<group>";
		};
		193257892C655C4200B38E26 /* PetsApp */ = {
			isa = PBXGroup;
			children = (
				1932578A2C655C4200B38E26 /* AppDelegate.swift */,
				1932578C2C655C4200B38E26 /* SceneDelegate.swift */,
				1932578E2C655C4200B38E26 /* ViewController.swift */,
				193257902C655C4200B38E26 /* Main.storyboard */,
				193257962C655C4200B38E26 /* Assets.xcassets */,
				193257982C655C4200B38E26 /* LaunchScreen.storyboard */,
				1932579B2C655C4200B38E26 /* Info.plist */,
				193257932C655C4200B38E26 /* PetsApp.xcdatamodeld */,
			);
			path = PetsApp;
			sourceTree = "<group>";
		};
		193257A32C655C4300B38E26 /* PetsAppTests */ = {
			isa = PBXGroup;
			children = (
				193257A42C655C4300B38E26 /* PetsAppTests.swift */,
			);
			path = PetsAppTests;
			sourceTree = "<group>";
		};
		193257AD2C655C4300B38E26 /* PetsAppUITests */ = {
			isa = PBXGroup;
			children = (
				193257AE2C655C4300B38E26 /* PetsAppUITests.swift */,
				193257B02C655C4300B38E26 /* PetsAppUITestsLaunchTests.swift */,
			);
			path = PetsAppUITests;
			sourceTree = "<group>";
		};
/* End PBXGroup section */

/* Begin PBXNativeTarget section */
		193257862C655C4200B38E26 /* PetsApp */ = {
			isa = PBXNativeTarget;
			buildConfigurationList = 193257B42C655C4300B38E26 /* Build configuration list for PBXNativeTarget "PetsApp" */;
			buildPhases = (
				193257832C655C4200B38E26 /* Sources */,
				193257842C655C4200B38E26 /* Frameworks */,
				193257852C655C4200B38E26 /* Resources */,
			);
			buildRules = (
			);
			dependencies = (
			);
			name = PetsApp;
			productName = PetsApp;
			productReference = 193257872C655C4200B38E26 /* PetsApp.app */;
			productType = "com.apple.product-type.application";
		};
		1932579F2C655C4300B38E26 /* PetsAppTests */ = {
			isa = PBXNativeTarget;
			buildConfigurationList = 193257B72C655C4300B38E26 /* Build configuration list for PBXNativeTarget "PetsAppTests" */;
			buildPhases = (
				1932579C2C655C4300B38E26 /* Sources */,
				1932579D2C655C4300B38E26 /* Frameworks */,
				1932579E2C655C4300B38E26 /* Resources */,
			);
			buildRules = (
			);
			dependencies = (
				193257A22C655C4300B38E26 /* PBXTargetDependency */,
			);
			name = PetsAppTests;
			productName = PetsAppTests;
			productReference = 193257A02C655C4300B38E26 /* PetsAppTests.xctest */;
			productType = "com.apple.product-type.bundle.unit-test";
		};
		193257A92C655C4300B38E26 /* PetsAppUITests */ = {
			isa = PBXNativeTarget;
			buildConfigurationList = 193257BA2C655C4300B38E26 /* Build configuration list for PBXNativeTarget "PetsAppUITests" */;
			buildPhases = (
				193257A62C655C4300B38E26 /* Sources */,
				193257A72C655C4300B38E26 /* Frameworks */,
				193257A82C655C4300B38E26 /* Resources */,
			);
			buildRules = (
			);
			dependencies = (
				193257AC2C655C4300B38E26 /* PBXTargetDependency */,
			);
			name = PetsAppUITests;
			productName = PetsAppUITests;
			productReference = 193257AA2C655C4300B38E26 /* PetsAppUITests.xctest */;
			productType = "com.apple.product-type.bundle.ui-testing";
		};
/* End PBXNativeTarget section */

/* Begin PBXProject section */
		1932577F2C655C4200B38E26 /* Project object */ = {
			isa = PBXProject;
			attributes = {
				BuildIndependentTargetsInParallel = 1;
				LastSwiftUpdateCheck = 1540;
				LastUpgradeCheck = 1540;
				TargetAttributes = {
					193257862C655C4200B38E26 = {
						CreatedOnToolsVersion = 15.4;
					};
					1932579F2C655C4300B38E26 = {
						CreatedOnToolsVersion = 15.4;
						TestTargetID = 193257862C655C4200B38E26;
					};
					193257A92C655C4300B38E26 = {
						CreatedOnToolsVersion = 15.4;
						TestTargetID = 193257862C655C4200B38E26;
					};
				};
			};
			buildConfigurationList = 193257822C655C4200B38E26 /* Build configuration list for PBXProject "PetsApp" */;
			compatibilityVersion = "Xcode 14.0";
			developmentRegion = en;
			hasScannedForEncodings = 0;
			knownRegions = (
				en,
				Base,
			);
			mainGroup = 1932577E2C655C4200B38E26;
			productRefGroup = 193257882C655C4200B38E26 /* Products */;
			projectDirPath = "";
			projectRoot = "";
			targets = (
				193257862C655C4200B38E26 /* PetsApp */,
				1932579F2C655C4300B38E26 /* PetsAppTests */,
				193257A92C655C4300B38E26 /* PetsAppUITests */,
			);
		};
/* End PBXProject section */

/* Begin PBXResourcesBuildPhase section */
		193257852C655C4200B38E26 /* Resources */ = {
			isa = PBXResourcesBuildPhase;
			buildActionMask = 2147483647;
			files = (
				193257972C655C4200B38E26 /* Assets.xcassets in Resources */,
				1932579A2C655C4200B38E26 /* Base in Resources */,
				193257922C655C4200B38E26 /* Base in Resources */,
			);
			runOnlyForDeploymentPostprocessing = 0;
		};
		1932579E2C655C4300B38E26 /* Resources */ = {
			isa = PBXResourcesBuildPhase;
			buildActionMask = 2147483647;
			files = (
			);
			runOnlyForDeploymentPostprocessing = 0;
		};
		193257A82C655C4300B38E26 /* Resources */ = {
			isa = PBXResourcesBuildPhase;
			buildActionMask = 2147483647;
			files = (
			);
			runOnlyForDeploymentPostprocessing = 0;
		};
/* End PBXResourcesBuildPhase section */

/* Begin PBXSourcesBuildPhase section */
		193257832C655C4200B38E26 /* Sources */ = {
			isa = PBXSourcesBuildPhase;
			buildActionMask = 2147483647;
			files = (
				1932578F2C655C4200B38E26 /* ViewController.swift in Sources */,
				193257952C655C4200B38E26 /* PetsApp.xcdatamodeld in Sources */,
				1932578B2C655C4200B38E26 /* AppDelegate.swift in Sources */,
				1932578D2C655C4200B38E26 /* SceneDelegate.swift in Sources */,
			);
			runOnlyForDeploymentPostprocessing = 0;
		};
		1932579C2C655C4300B38E26 /* Sources */ = {
			isa = PBXSourcesBuildPhase;
			buildActionMask = 2147483647;
			files = (
				193257A52C655C4300B38E26 /* PetsAppTests.swift in Sources */,
			);
			runOnlyForDeploymentPostprocessing = 0;
		};
		193257A62C655C4300B38E26 /* Sources */ = {
			isa = PBXSourcesBuildPhase;
			buildActionMask = 2147483647;
			files = (
				193257B12C655C4300B38E26 /* PetsAppUITestsLaunchTests.swift in Sources */,
				193257AF2C655C4300B38E26 /* PetsAppUITests.swift in Sources */,
			);
			runOnlyForDeploymentPostprocessing = 0;
		};
/* End PBXSourcesBuildPhase section */

/* Begin PBXTargetDependency section */
		193257A22C655C4300B38E26 /* PBXTargetDependency */ = {
			isa = PBXTargetDependency;
			target = 193257862C655C4200B38E26 /* PetsApp */;
			targetProxy = 193257A12C655C4300B38E26 /* PBXContainerItemProxy */;
		};
		193257AC2C655C4300B38E26 /* PBXTargetDependency */ = {
			isa = PBXTargetDependency;
			target = 193257862C655C4200B38E26 /* PetsApp */;
			targetProxy = 193257AB2C655C4300B38E26 /* PBXContainerItemProxy */;
		};
/* End PBXTargetDependency section */

/* Begin PBXVariantGroup section */
		193257902C655C4200B38E26 /* Main.storyboard */ = {
			isa = PBXVariantGroup;
			children = (
				193257912C655C4200B38E26 /* Base */,
			);
			name = Main.storyboard;
			sourceTree = "<group>";
		};
		193257982C655C4200B38E26 /* LaunchScreen.storyboard */ = {
			isa = PBXVariantGroup;
			children = (
				193257992C655C4200B38E26 /* Base */,
			);
			name = LaunchScreen.storyboard;
			sourceTree = "<group>";
		};
/* End PBXVariantGroup section */

/* Begin XCBuildConfiguration section */
		193257B22C655C4300B38E26 /* Debug */ = {
			isa = XCBuildConfiguration;
			buildSettings = {
				ALWAYS_SEARCH_USER_PATHS = NO;
				ASSETCATALOG_COMPILER_GENERATE_SWIFT_ASSET_SYMBOL_EXTENSIONS = YES;
				CLANG_ANALYZER_NONNULL = YES;
				CLANG_ANALYZER_NUMBER_OBJECT_CONVERSION = YES_AGGRESSIVE;
				CLANG_CXX_LANGUAGE_STANDARD = "gnu++20";
				CLANG_ENABLE_MODULES = YES;
				CLANG_ENABLE_OBJC_ARC = YES;
				CLANG_ENABLE_OBJC_WEAK = YES;
				CLANG_WARN_BLOCK_CAPTURE_AUTORELEASING = YES;
				CLANG_WARN_BOOL_CONVERSION = YES;
				CLANG_WARN_COMMA = YES;
				CLANG_WARN_CONSTANT_CONVERSION = YES;
				CLANG_WARN_DEPRECATED_OBJC_IMPLEMENTATIONS = YES;
				CLANG_WARN_DIRECT_OBJC_ISA_USAGE = YES_ERROR;
				CLANG_WARN_DOCUMENTATION_COMMENTS = YES;
				CLANG_WARN_EMPTY_BODY = YES;
				CLANG_WARN_ENUM_CONVERSION = YES;
				CLANG_WARN_INFINITE_RECURSION = YES;
				CLANG_WARN_INT_CONVERSION = YES;
				CLANG_WARN_NON_LITERAL_NULL_CONVERSION = YES;
				CLANG_WARN_OBJC_IMPLICIT_RETAIN_SELF = YES;
				CLANG_WARN_OBJC_LITERAL_CONVERSION = YES;
				CLANG_WARN_OBJC_ROOT_CLASS = YES_ERROR;
				CLANG_WARN_QUOTED_INCLUDE_IN_FRAMEWORK_HEADER = YES;
				CLANG_WARN_RANGE_LOOP_ANALYSIS = YES;
				CLANG_WARN_STRICT_PROTOTYPES = YES;
				CLANG_WARN_SUSPICIOUS_MOVE = YES;
				CLANG_WARN_UNGUARDED_AVAILABILITY = YES_AGGRESSIVE;
				CLANG_WARN_UNREACHABLE_CODE = YES;
				CLANG_WARN__DUPLICATE_METHOD_MATCH = YES;
				COPY_PHASE_STRIP = NO;
				DEBUG_INFORMATION_FORMAT = dwarf;
				ENABLE_STRICT_OBJC_MSGSEND = YES;
				ENABLE_TESTABILITY = YES;
				ENABLE_USER_SCRIPT_SANDBOXING = YES;
				GCC_C_LANGUAGE_STANDARD = gnu17;
				GCC_DYNAMIC_NO_PIC = NO;
				GCC_NO_COMMON_BLOCKS = YES;
				GCC_OPTIMIZATION_LEVEL = 0;
				GCC_PREPROCESSOR_DEFINITIONS = (
					"DEBUG=1",
					"$(inherited)",
				);
				GCC_WARN_64_TO_32_BIT_CONVERSION = YES;
				GCC_WARN_ABOUT_RETURN_TYPE = YES_ERROR;
				GCC_WARN_UNDECLARED_SELECTOR = YES;
				GCC_WARN_UNINITIALIZED_AUTOS = YES_AGGRESSIVE;
				GCC_WARN_UNUSED_FUNCTION = YES;
				GCC_WARN_UNUSED_VARIABLE = YES;
				IPHONEOS_DEPLOYMENT_TARGET = 17.5;
				LOCALIZATION_PREFERS_STRING_CATALOGS = YES;
				MTL_ENABLE_DEBUG_INFO = INCLUDE_SOURCE;
				MTL_FAST_MATH = YES;
				ONLY_ACTIVE_ARCH = YES;
				SDKROOT = iphoneos;
				SWIFT_ACTIVE_COMPILATION_CONDITIONS = "DEBUG $(inherited)";
				SWIFT_OPTIMIZATION_LEVEL = "-Onone";
			};
			name = Debug;
		};
		193257B32C655C4300B38E26 /* Release */ = {
			isa = XCBuildConfiguration;
			buildSettings = {
				ALWAYS_SEARCH_USER_PATHS = NO;
				ASSETCATALOG_COMPILER_GENERATE_SWIFT_ASSET_SYMBOL_EXTENSIONS = YES;
				CLANG_ANALYZER_NONNULL = YES;
				CLANG_ANALYZER_NUMBER_OBJECT_CONVERSION = YES_AGGRESSIVE;
				CLANG_CXX_LANGUAGE_STANDARD = "gnu++20";
				CLANG_ENABLE_MODULES = YES;
				CLANG_ENABLE_OBJC_ARC = YES;
				CLANG_ENABLE_OBJC_WEAK = YES;
				CLANG_WARN_BLOCK_CAPTURE_AUTORELEASING = YES;
				CLANG_WARN_BOOL_CONVERSION = YES;
				CLANG_WARN_COMMA = YES;
				CLANG_WARN_CONSTANT_CONVERSION = YES;
				CLANG_WARN_DEPRECATED_OBJC_IMPLEMENTATIONS = YES;
				CLANG_WARN_DIRECT_OBJC_ISA_USAGE = YES_ERROR;
				CLANG_WARN_DOCUMENTATION_COMMENTS = YES;
				CLANG_WARN_EMPTY_BODY = YES;
				CLANG_WARN_ENUM_CONVERSION = YES;
				CLANG_WARN_INFINITE_RECURSION = YES;
				CLANG_WARN_INT_CONVERSION = YES;
				CLANG_WARN_NON_LITERAL_NULL_CONVERSION = YES;
				CLANG_WARN_OBJC_IMPLICIT_RETAIN_SELF = YES;
				CLANG_WARN_OBJC_LITERAL_CONVERSION = YES;
				CLANG_WARN_OBJC_ROOT_CLASS = YES_ERROR;
				CLANG_WARN_QUOTED_INCLUDE_IN_FRAMEWORK_HEADER = YES;
				CLANG_WARN_RANGE_LOOP_ANALYSIS = YES;
				CLANG_WARN_STRICT_PROTOTYPES = YES;
				CLANG_WARN_SUSPICIOUS_MOVE = YES;
				CLANG_WARN_UNGUARDED_AVAILABILITY = YES_AGGRESSIVE;
				CLANG_WARN_UNREACHABLE_CODE = YES;
				CLANG_WARN__DUPLICATE_METHOD_MATCH = YES;
				COPY_PHASE_STRIP = NO;
				DEBUG_INFORMATION_FORMAT = "dwarf-with-dsym";
				ENABLE_NS_ASSERTIONS = NO;
				ENABLE_STRICT_OBJC_MSGSEND = YES;
				ENABLE_USER_SCRIPT_SANDBOXING = YES;
				GCC_C_LANGUAGE_STANDARD = gnu17;
				GCC_NO_COMMON_BLOCKS = YES;
				GCC_WARN_64_TO_32_BIT_CONVERSION = YES;
				GCC_WARN_ABOUT_RETURN_TYPE = YES_ERROR;
				GCC_WARN_UNDECLARED_SELECTOR = YES;
				GCC_WARN_UNINITIALIZED_AUTOS = YES_AGGRESSIVE;
				GCC_WARN_UNUSED_FUNCTION = YES;
				GCC_WARN_UNUSED_VARIABLE = YES;
				IPHONEOS_DEPLOYMENT_TARGET = 17.5;
				LOCALIZATION_PREFERS_STRING_CATALOGS = YES;
				MTL_ENABLE_DEBUG_INFO = NO;
				MTL_FAST_MATH = YES;
				SDKROOT = iphoneos;
				SWIFT_COMPILATION_MODE = wholemodule;
				VALIDATE_PRODUCT = YES;
			};
			name = Release;
		};
		193257B52C655C4300B38E26 /* Debug */ = {
			isa = XCBuildConfiguration;
			buildSettings = {
				ASSETCATALOG_COMPILER_APPICON_NAME = AppIcon;
				ASSETCATALOG_COMPILER_GLOBAL_ACCENT_COLOR_NAME = AccentColor;
				CODE_SIGN_STYLE = Automatic;
				CURRENT_PROJECT_VERSION = 1;
				DEVELOPMENT_TEAM = VFPM3B37A5;
				GENERATE_INFOPLIST_FILE = YES;
				INFOPLIST_FILE = PetsApp/Info.plist;
				INFOPLIST_KEY_UIApplicationSupportsIndirectInputEvents = YES;
				INFOPLIST_KEY_UILaunchStoryboardName = LaunchScreen;
				INFOPLIST_KEY_UIMainStoryboardFile = Main;
				INFOPLIST_KEY_UISupportedInterfaceOrientations_iPad = "UIInterfaceOrientationPortrait UIInterfaceOrientationPortraitUpsideDown UIInterfaceOrientationLandscapeLeft UIInterfaceOrientationLandscapeRight";
				INFOPLIST_KEY_UISupportedInterfaceOrientations_iPhone = "UIInterfaceOrientationPortrait UIInterfaceOrientationLandscapeLeft UIInterfaceOrientationLandscapeRight";
				IPHONEOS_DEPLOYMENT_TARGET = 15.0;
				LD_RUNPATH_SEARCH_PATHS = (
					"$(inherited)",
					"@executable_path/Frameworks",
				);
				MARKETING_VERSION = 1.0;
				PRODUCT_BUNDLE_IDENTIFIER = com.harsha.PetsApp;
				PRODUCT_NAME = "$(TARGET_NAME)";
				SUPPORTED_PLATFORMS = "iphoneos iphonesimulator";
				SUPPORTS_MACCATALYST = NO;
				SUPPORTS_MAC_DESIGNED_FOR_IPHONE_IPAD = NO;
				SUPPORTS_XR_DESIGNED_FOR_IPHONE_IPAD = NO;
				SWIFT_EMIT_LOC_STRINGS = YES;
				SWIFT_VERSION = 5.0;
				TARGETED_DEVICE_FAMILY = 1;
			};
			name = Debug;
		};
		193257B62C655C4300B38E26 /* Release */ = {
			isa = XCBuildConfiguration;
			buildSettings = {
				ASSETCATALOG_COMPILER_APPICON_NAME = AppIcon;
				ASSETCATALOG_COMPILER_GLOBAL_ACCENT_COLOR_NAME = AccentColor;
				CODE_SIGN_STYLE = Automatic;
				CURRENT_PROJECT_VERSION = 1;
				DEVELOPMENT_TEAM = VFPM3B37A5;
				GENERATE_INFOPLIST_FILE = YES;
				INFOPLIST_FILE = PetsApp/Info.plist;
				INFOPLIST_KEY_UIApplicationSupportsIndirectInputEvents = YES;
				INFOPLIST_KEY_UILaunchStoryboardName = LaunchScreen;
				INFOPLIST_KEY_UIMainStoryboardFile = Main;
				INFOPLIST_KEY_UISupportedInterfaceOrientations_iPad = "UIInterfaceOrientationPortrait UIInterfaceOrientationPortraitUpsideDown UIInterfaceOrientationLandscapeLeft UIInterfaceOrientationLandscapeRight";
				INFOPLIST_KEY_UISupportedInterfaceOrientations_iPhone = "UIInterfaceOrientationPortrait UIInterfaceOrientationLandscapeLeft UIInterfaceOrientationLandscapeRight";
				IPHONEOS_DEPLOYMENT_TARGET = 15.0;
				LD_RUNPATH_SEARCH_PATHS = (
					"$(inherited)",
					"@executable_path/Frameworks",
				);
				MARKETING_VERSION = 1.0;
				PRODUCT_BUNDLE_IDENTIFIER = com.harsha.PetsApp;
				PRODUCT_NAME = "$(TARGET_NAME)";
				SUPPORTED_PLATFORMS = "iphoneos iphonesimulator";
				SUPPORTS_MACCATALYST = NO;
				SUPPORTS_MAC_DESIGNED_FOR_IPHONE_IPAD = NO;
				SUPPORTS_XR_DESIGNED_FOR_IPHONE_IPAD = NO;
				SWIFT_EMIT_LOC_STRINGS = YES;
				SWIFT_VERSION = 5.0;
				TARGETED_DEVICE_FAMILY = 1;
			};
			name = Release;
		};
		193257B82C655C4300B38E26 /* Debug */ = {
			isa = XCBuildConfiguration;
			buildSettings = {
				ALWAYS_EMBED_SWIFT_STANDARD_LIBRARIES = YES;
				BUNDLE_LOADER = "$(TEST_HOST)";
				CODE_SIGN_STYLE = Automatic;
				CURRENT_PROJECT_VERSION = 1;
				DEVELOPMENT_TEAM = VFPM3B37A5;
				GENERATE_INFOPLIST_FILE = YES;
				IPHONEOS_DEPLOYMENT_TARGET = 17.5;
				MARKETING_VERSION = 1.0;
				PRODUCT_BUNDLE_IDENTIFIER = com.harsha.PetsAppTests;
				PRODUCT_NAME = "$(TARGET_NAME)";
				SWIFT_EMIT_LOC_STRINGS = NO;
				SWIFT_VERSION = 5.0;
				TARGETED_DEVICE_FAMILY = "1,2";
				TEST_HOST = "$(BUILT_PRODUCTS_DIR)/PetsApp.app/$(BUNDLE_EXECUTABLE_FOLDER_PATH)/PetsApp";
			};
			name = Debug;
		};
		193257B92C655C4300B38E26 /* Release */ = {
			isa = XCBuildConfiguration;
			buildSettings = {
				ALWAYS_EMBED_SWIFT_STANDARD_LIBRARIES = YES;
				BUNDLE_LOADER = "$(TEST_HOST)";
				CODE_SIGN_STYLE = Automatic;
				CURRENT_PROJECT_VERSION = 1;
				DEVELOPMENT_TEAM = VFPM3B37A5;
				GENERATE_INFOPLIST_FILE = YES;
				IPHONEOS_DEPLOYMENT_TARGET = 17.5;
				MARKETING_VERSION = 1.0;
				PRODUCT_BUNDLE_IDENTIFIER = com.harsha.PetsAppTests;
				PRODUCT_NAME = "$(TARGET_NAME)";
				SWIFT_EMIT_LOC_STRINGS = NO;
				SWIFT_VERSION = 5.0;
				TARGETED_DEVICE_FAMILY = "1,2";
				TEST_HOST = "$(BUILT_PRODUCTS_DIR)/PetsApp.app/$(BUNDLE_EXECUTABLE_FOLDER_PATH)/PetsApp";
			};
			name = Release;
		};
		193257BB2C655C4300B38E26 /* Debug */ = {
			isa = XCBuildConfiguration;
			buildSettings = {
				ALWAYS_EMBED_SWIFT_STANDARD_LIBRARIES = YES;
				CODE_SIGN_STYLE = Automatic;
				CURRENT_PROJECT_VERSION = 1;
				DEVELOPMENT_TEAM = VFPM3B37A5;
				GENERATE_INFOPLIST_FILE = YES;
				MARKETING_VERSION = 1.0;
				PRODUCT_BUNDLE_IDENTIFIER = com.harsha.PetsAppUITests;
				PRODUCT_NAME = "$(TARGET_NAME)";
				SWIFT_EMIT_LOC_STRINGS = NO;
				SWIFT_VERSION = 5.0;
				TARGETED_DEVICE_FAMILY = "1,2";
				TEST_TARGET_NAME = PetsApp;
			};
			name = Debug;
		};
		193257BC2C655C4300B38E26 /* Release */ = {
			isa = XCBuildConfiguration;
			buildSettings = {
				ALWAYS_EMBED_SWIFT_STANDARD_LIBRARIES = YES;
				CODE_SIGN_STYLE = Automatic;
				CURRENT_PROJECT_VERSION = 1;
				DEVELOPMENT_TEAM = VFPM3B37A5;
				GENERATE_INFOPLIST_FILE = YES;
				MARKETING_VERSION = 1.0;
				PRODUCT_BUNDLE_IDENTIFIER = com.harsha.PetsAppUITests;
				PRODUCT_NAME = "$(TARGET_NAME)";
				SWIFT_EMIT_LOC_STRINGS = NO;
				SWIFT_VERSION = 5.0;
				TARGETED_DEVICE_FAMILY = "1,2";
				TEST_TARGET_NAME = PetsApp;
			};
			name = Release;
		};
/* End XCBuildConfiguration section */

/* Begin XCConfigurationList section */
		193257822C655C4200B38E26 /* Build configuration list for PBXProject "PetsApp" */ = {
			isa = XCConfigurationList;
			buildConfigurations = (
				193257B22C655C4300B38E26 /* Debug */,
				193257B32C655C4300B38E26 /* Release */,
			);
			defaultConfigurationIsVisible = 0;
			defaultConfigurationName = Release;
		};
		193257B42C655C4300B38E26 /* Build configuration list for PBXNativeTarget "PetsApp" */ = {
			isa = XCConfigurationList;
			buildConfigurations = (
				193257B52C655C4300B38E26 /* Debug */,
				193257B62C655C4300B38E26 /* Release */,
			);
			defaultConfigurationIsVisible = 0;
			defaultConfigurationName = Release;
		};
		193257B72C655C4300B38E26 /* Build configuration list for PBXNativeTarget "PetsAppTests" */ = {
			isa = XCConfigurationList;
			buildConfigurations = (
				193257B82C655C4300B38E26 /* Debug */,
				193257B92C655C4300B38E26 /* Release */,
			);
			defaultConfigurationIsVisible = 0;
			defaultConfigurationName = Release;
		};
		193257BA2C655C4300B38E26 /* Build configuration list for PBXNativeTarget "PetsAppUITests" */ = {
			isa = XCConfigurationList;
			buildConfigurations = (
				193257BB2C655C4300B38E26 /* Debug */,
				193257BC2C655C4300B38E26 /* Release */,
			);
			defaultConfigurationIsVisible = 0;
			defaultConfigurationName = Release;
		};
/* End XCConfigurationList section */

/* Begin XCVersionGroup section */
		193257932C655C4200B38E26 /* PetsApp.xcdatamodeld */ = {
			isa = XCVersionGroup;
			children = (
				193257942C655C4200B38E26 /* PetsApp.xcdatamodel */,
			);
			currentVersion = 193257942C655C4200B38E26 /* PetsApp.xcdatamodel */;
			path = PetsApp.xcdatamodeld;
			sourceTree = "<group>";
			versionGroupType = wrapper.xcdatamodel;
		};
/* End XCVersionGroup section */
	};
	rootObject = 1932577F2C655C4200B38E26 /* Project object */;
}
